
Microsoft Visual Studio Solution File, Format Version 12.00
# Visual Studio Version 17
VisualStudioVersion = 17.6.33829.357
MinimumVisualStudioVersion = 10.0.40219.1
Project("{FAE04EC0-301F-11D3-BF4B-00C04F79EFBC}") = "PFMBackend", "PFMBackend\PFMBackend.csproj", "{B27A7599-D3E3-46F8-B0B2-062D1E4E8CBB}"
EndProject
Global
	GlobalSection(SolutionConfigurationPlatforms) = preSolution
		Debug|Any CPU = Debug|Any CPU
		Release|Any CPU = Release|Any CPU
	EndGlobalSection
	GlobalSection(ProjectConfigurationPlatforms) = postSolution
		{B27A7599-D3E3-46F8-B0B2-062D1E4E8CBB}.Debug|Any CPU.ActiveCfg = Debug|Any CPU
		{B27A7599-D3E3-46F8-B0B2-062D1E4E8CBB}.Debug|Any CPU.Build.0 = Debug|Any CPU
		{B27A7599-D3E3-46F8-B0B2-062D1E4E8CBB}.Release|Any CPU.ActiveCfg = Release|Any CPU
		{B27A7599-D3E3-46F8-B0B2-062D1E4E8CBB}.Release|Any CPU.Build.0 = Release|Any CPU
	EndGlobalSection
	GlobalSection(SolutionProperties) = preSolution
		HideSolutionNode = FALSE
	EndGlobalSection
	GlobalSection(ExtensibilityGlobals) = postSolution
		SolutionGuid = {74FA9E95-B4E8-4A7F-BEAF-3E6793B3EA44}
	EndGlobalSection
EndGlobal
